// !$*UTF8*$!
{
	archiveVersion = 1;
	classes = {};
	objectVersion = 56;
	objects = {

/* Begin PBXBuildFile section */
		A00000000000000000000001 /* ToonRemoteJSWApp.swift in Sources */ = {isa = PBXBuildFile; fileRef = B00000000000000000000001 /* ToonRemoteJSWApp.swift */; };
		A00000000000000000000002 /* ContentView.swift in Sources */ = {isa = PBXBuildFile; fileRef = B00000000000000000000002 /* ContentView.swift */; };
		A00000000000000000000003 /* ToonAPI.swift in Sources */ = {isa = PBXBuildFile; fileRef = B00000000000000000000003 /* ToonAPI.swift */; };
		A00000000000000000000004 /* Models.swift in Sources */ = {isa = PBXBuildFile; fileRef = B00000000000000000000004 /* Models.swift */; };
/* End PBXBuildFile section */

/* Begin PBXFileReference section */
		B00000000000000000000001 /* ToonRemoteJSWApp.swift */ = {isa = PBXFileReference; lastKnownFileType = sourcecode.swift; path = ToonRemoteJSWApp.swift; sourceTree = "<group>"; };
		B00000000000000000000002 /* ContentView.swift */ = {isa = PBXFileReference; lastKnownFileType = sourcecode.swift; path = ContentView.swift; sourceTree = "<group>"; };
		B00000000000000000000003 /* ToonAPI.swift */ = {isa = PBXFileReference; lastKnownFileType = sourcecode.swift; path = ToonAPI.swift; sourceTree = "<group>"; };
		B00000000000000000000004 /* Models.swift */ = {isa = PBXFileReference; lastKnownFileType = sourcecode.swift; path = Models.swift; sourceTree = "<group>"; };
		B00000000000000000000005 /* Info.plist */ = {isa = PBXFileReference; lastKnownFileType = text.plist.xml; path = Info.plist; sourceTree = "<group>"; };
		B00000000000000000000006 /* ToonRemoteJSW.app */ = {isa = PBXFileReference; explicitFileType = wrapper.application; includeInIndex = 0; path = ToonRemoteJSW.app; sourceTree = BUILT_PRODUCTS_DIR; };
/* End PBXFileReference section */

/* Begin PBXFrameworksBuildPhase section */
		C00000000000000000000001 = {isa = PBXFrameworksBuildPhase; buildActionMask = 2147483647; files = (); runOnlyForDeploymentPostprocessing = 0; };
/* End PBXFrameworksBuildPhase section */

/* Begin PBXGroup section */
		D00000000000000000000001 = {isa = PBXGroup; children = (D00000000000000000000002, D00000000000000000000003); sourceTree = "<group>"; };
		D00000000000000000000002 /* ToonRemoteJSW */ = {isa = PBXGroup; path = ToonRemoteJSW; sourceTree = "<group>"; children = (B00000000000000000000001, B00000000000000000000002, B00000000000000000000003, B00000000000000000000004, B00000000000000000000005); };
		D00000000000000000000003 /* Products */ = {isa = PBXGroup; name = Products; sourceTree = "<group>"; children = (B00000000000000000000006); };
/* End PBXGroup section */

/* Begin PBXNativeTarget section */
		E00000000000000000000001 /* ToonRemoteJSW */ = {
			isa = PBXNativeTarget;
			buildConfigurationList = F00000000000000000000001;
			buildPhases = (C00000000000000000000002, C00000000000000000000001, C00000000000000000000003);
			buildRules = ();
			dependencies = ();
			name = ToonRemoteJSW;
			productName = ToonRemoteJSW;
			productReference = B00000000000000000000006;
			productType = "com.apple.product-type.application";
		};
/* End PBXNativeTarget section */

/* Begin PBXProject section */
		E00000000000000000000002 /* Project object */ = {
			isa = PBXProject;
			attributes = { LastSwiftUpdateCheck = 1600; LastUpgradeCheck = 1600; TargetAttributes = { E00000000000000000000001 = { CreatedOnToolsVersion = 16.0; }; }; };
			buildConfigurationList = F00000000000000000000002;
			compatibilityVersion = "Xcode 14.0";
			developmentRegion = en;
			hasScannedForEncodings = 0;
			knownRegions = (en, Base);
			mainGroup = D00000000000000000000001;
			productRefGroup = D00000000000000000000003;
			projectDirPath = "";
			projectRoot = "";
			targets = (E00000000000000000000001);
		};
/* End PBXProject section */

/* Begin PBXResourcesBuildPhase section */
		C00000000000000000000003 = {isa = PBXResourcesBuildPhase; buildActionMask = 2147483647; files = (); runOnlyForDeploymentPostprocessing = 0; };
/* End PBXResourcesBuildPhase section */

/* Begin PBXSourcesBuildPhase section */
		C00000000000000000000002 = {isa = PBXSourcesBuildPhase; buildActionMask = 2147483647; files = (A00000000000000000000001, A00000000000000000000002, A00000000000000000000003, A00000000000000000000004); runOnlyForDeploymentPostprocessing = 0; };
/* End PBXSourcesBuildPhase section */

/* Begin XCBuildConfiguration section */
		G00000000000000000000001 /* Debug */ = {isa = XCBuildConfiguration; buildSettings = { ALWAYS_SEARCH_USER_PATHS = NO; CLANG_ENABLE_MODULES = YES; IPHONEOS_DEPLOYMENT_TARGET = 17.0; SDKROOT = iphoneos; SWIFT_VERSION = 5.0; }; name = Debug; };
		G00000000000000000000002 /* Release */ = {isa = XCBuildConfiguration; buildSettings = { ALWAYS_SEARCH_USER_PATHS = NO; CLANG_ENABLE_MODULES = YES; IPHONEOS_DEPLOYMENT_TARGET = 17.0; SDKROOT = iphoneos; SWIFT_VERSION = 5.0; }; name = Release; };
		G00000000000000000000003 /* Debug */ = {isa = XCBuildConfiguration; buildSettings = { CODE_SIGN_STYLE = Automatic; CURRENT_PROJECT_VERSION = 1; GENERATE_INFOPLIST_FILE = NO; INFOPLIST_FILE = ToonRemoteJSW/Info.plist; IPHONEOS_DEPLOYMENT_TARGET = 17.0; MARKETING_VERSION = 1.0; PRODUCT_BUNDLE_IDENTIFIER = nl.jaspsoftware.toonremote; PRODUCT_NAME = "$(TARGET_NAME)"; SWIFT_EMIT_LOC_STRINGS = YES; SWIFT_VERSION = 5.0; TARGETED_DEVICE_FAMILY = "1"; }; name = Debug; };
		G00000000000000000000004 /* Release */ = {isa = XCBuildConfiguration; buildSettings = { CODE_SIGN_STYLE = Automatic; CURRENT_PROJECT_VERSION = 1; GENERATE_INFOPLIST_FILE = NO; INFOPLIST_FILE = ToonRemoteJSW/Info.plist; IPHONEOS_DEPLOYMENT_TARGET = 17.0; MARKETING_VERSION = 1.0; PRODUCT_BUNDLE_IDENTIFIER = nl.jaspsoftware.toonremote; PRODUCT_NAME = "$(TARGET_NAME)"; SWIFT_EMIT_LOC_STRINGS = YES; SWIFT_VERSION = 5.0; TARGETED_DEVICE_FAMILY = "1"; }; name = Release; };
/* End XCBuildConfiguration section */

/* Begin XCConfigurationList section */
		F00000000000000000000001 = {isa = XCConfigurationList; buildConfigurations = (G00000000000000000000003, G00000000000000000000004); defaultConfigurationIsVisible = 0; defaultConfigurationName = Release; };
		F00000000000000000000002 = {isa = XCConfigurationList; buildConfigurations = (G00000000000000000000001, G00000000000000000000002); defaultConfigurationIsVisible = 0; defaultConfigurationName = Release; };
/* End XCConfigurationList section */
	};
	rootObject = E00000000000000000000002;
}
